
Microsoft Visual Studio Solution File, Format Version 12.00
# Visual Studio 15
VisualStudioVersion = 15.0.26228.4
MinimumVisualStudioVersion = 10.0.40219.1
Project("{FAE04EC0-301F-11D3-BF4B-00C04F79EFBC}") = "searchfight", "searchfight\searchfight.csproj", "{F111B793-4F06-4A5E-8164-2F35A1B418B1}"
EndProject
Project("{FAE04EC0-301F-11D3-BF4B-00C04F79EFBC}") = "SearchEngineHelper", "SearchEngineHelper\SearchEngineHelper.csproj", "{2A620FF5-6711-4008-A736-13C6C436A49C}"
EndProject
Project("{FAE04EC0-301F-11D3-BF4B-00C04F79EFBC}") = "SearchVolumMetricServices", "SearchVolumMetricServices\SearchVolumMetricServices.csproj", "{1352E9AA-9FE8-4268-8AB9-5D96CDB54C14}"
EndProject
Project("{FAE04EC0-301F-11D3-BF4B-00C04F79EFBC}") = "APIS", "APIS\APIS.csproj", "{1D93810B-340E-4E25-88A5-E2ACAD4C1BFF}"
EndProject
Global
	GlobalSection(SolutionConfigurationPlatforms) = preSolution
		Debug|Any CPU = Debug|Any CPU
		Release|Any CPU = Release|Any CPU
	EndGlobalSection
	GlobalSection(ProjectConfigurationPlatforms) = postSolution
		{F111B793-4F06-4A5E-8164-2F35A1B418B1}.Debug|Any CPU.ActiveCfg = Debug|Any CPU
		{F111B793-4F06-4A5E-8164-2F35A1B418B1}.Debug|Any CPU.Build.0 = Debug|Any CPU
		{F111B793-4F06-4A5E-8164-2F35A1B418B1}.Release|Any CPU.ActiveCfg = Release|Any CPU
		{F111B793-4F06-4A5E-8164-2F35A1B418B1}.Release|Any CPU.Build.0 = Release|Any CPU
		{2A620FF5-6711-4008-A736-13C6C436A49C}.Debug|Any CPU.ActiveCfg = Debug|Any CPU
		{2A620FF5-6711-4008-A736-13C6C436A49C}.Debug|Any CPU.Build.0 = Debug|Any CPU
		{2A620FF5-6711-4008-A736-13C6C436A49C}.Release|Any CPU.ActiveCfg = Release|Any CPU
		{2A620FF5-6711-4008-A736-13C6C436A49C}.Release|Any CPU.Build.0 = Release|Any CPU
		{1352E9AA-9FE8-4268-8AB9-5D96CDB54C14}.Debug|Any CPU.ActiveCfg = Debug|Any CPU
		{1352E9AA-9FE8-4268-8AB9-5D96CDB54C14}.Debug|Any CPU.Build.0 = Debug|Any CPU
		{1352E9AA-9FE8-4268-8AB9-5D96CDB54C14}.Release|Any CPU.ActiveCfg = Release|Any CPU
		{1352E9AA-9FE8-4268-8AB9-5D96CDB54C14}.Release|Any CPU.Build.0 = Release|Any CPU
		{1D93810B-340E-4E25-88A5-E2ACAD4C1BFF}.Debug|Any CPU.ActiveCfg = Debug|Any CPU
		{1D93810B-340E-4E25-88A5-E2ACAD4C1BFF}.Debug|Any CPU.Build.0 = Debug|Any CPU
		{1D93810B-340E-4E25-88A5-E2ACAD4C1BFF}.Release|Any CPU.ActiveCfg = Release|Any CPU
		{1D93810B-340E-4E25-88A5-E2ACAD4C1BFF}.Release|Any CPU.Build.0 = Release|Any CPU
	EndGlobalSection
	GlobalSection(SolutionProperties) = preSolution
		HideSolutionNode = FALSE
	EndGlobalSection
EndGlobal
